// !$*UTF8*$!
{
	archiveVersion = 1;
	classes = {
	};
	objectVersion = 46;
	objects = {

/* Begin PBXBuildFile section */
		040E80781EC1CD2000A603F4 /* main.m in Sources */ = {isa = PBXBuildFile; fileRef = 040E80771EC1CD2000A603F4 /* main.m */; };
		040E807B1EC1CD2000A603F4 /* AppDelegate.m in Sources */ = {isa = PBXBuildFile; fileRef = 040E807A1EC1CD2000A603F4 /* AppDelegate.m */; };
		040E80831EC1CD2000A603F4 /* Assets.xcassets in Resources */ = {isa = PBXBuildFile; fileRef = 040E80821EC1CD2000A603F4 /* Assets.xcassets */; };
		040E80861EC1CD2000A603F4 /* LaunchScreen.storyboard in Resources */ = {isa = PBXBuildFile; fileRef = 040E80841EC1CD2000A603F4 /* LaunchScreen.storyboard */; };
		8EED250E5D96958EF34D5FD3 /* libPods-喵播.a in Frameworks */ = {isa = PBXBuildFile; fileRef = 541DC099D2CA5F1D615F689A /* libPods-喵播.a */; };
/* End PBXBuildFile section */

/* Begin PBXFileReference section */
		040E80731EC1CD2000A603F4 /* 喵播.app */ = {isa = PBXFileReference; explicitFileType = wrapper.application; includeInIndex = 0; path = "喵播.app"; sourceTree = BUILT_PRODUCTS_DIR; };
		040E80771EC1CD2000A603F4 /* main.m */ = {isa = PBXFileReference; lastKnownFileType = sourcecode.c.objc; path = main.m; sourceTree = "<group>"; };
		040E80791EC1CD2000A603F4 /* AppDelegate.h */ = {isa = PBXFileReference; lastKnownFileType = sourcecode.c.h; path = AppDelegate.h; sourceTree = "<group>"; };
		040E807A1EC1CD2000A603F4 /* AppDelegate.m */ = {isa = PBXFileReference; lastKnownFileType = sourcecode.c.objc; path = AppDelegate.m; sourceTree = "<group>"; };
		040E80821EC1CD2000A603F4 /* Assets.xcassets */ = {isa = PBXFileReference; lastKnownFileType = folder.assetcatalog; path = Assets.xcassets; sourceTree = "<group>"; };
		040E80851EC1CD2000A603F4 /* Base */ = {isa = PBXFileReference; lastKnownFileType = file.storyboard; name = Base; path = Base.lproj/LaunchScreen.storyboard; sourceTree = "<group>"; };
		040E80871EC1CD2000A603F4 /* Info.plist */ = {isa = PBXFileReference; lastKnownFileType = text.plist.xml; path = Info.plist; sourceTree = "<group>"; };
		074C69B6C5BB6774658D0DF7 /* Pods-喵播.release.xcconfig */ = {isa = PBXFileReference; includeInIndex = 1; lastKnownFileType = text.xcconfig; name = "Pods-喵播.release.xcconfig"; path = "Pods/Target Support Files/Pods-喵播/Pods-喵播.release.xcconfig"; sourceTree = "<group>"; };
		17840F1BAF181879A021B6E2 /* Pods-喵播.debug.xcconfig */ = {isa = PBXFileReference; includeInIndex = 1; lastKnownFileType = text.xcconfig; name = "Pods-喵播.debug.xcconfig"; path = "Pods/Target Support Files/Pods-喵播/Pods-喵播.debug.xcconfig"; sourceTree = "<group>"; };
		541DC099D2CA5F1D615F689A /* libPods-喵播.a */ = {isa = PBXFileReference; explicitFileType = archive.ar; includeInIndex = 0; path = "libPods-喵播.a"; sourceTree = BUILT_PRODUCTS_DIR; };
/* End PBXFileReference section */

/* Begin PBXFrameworksBuildPhase section */
		040E80701EC1CD2000A603F4 /* Frameworks */ = {
			isa = PBXFrameworksBuildPhase;
			buildActionMask = 2147483647;
			files = (
				8EED250E5D96958EF34D5FD3 /* libPods-喵播.a in Frameworks */,
			);
			runOnlyForDeploymentPostprocessing = 0;
		};
/* End PBXFrameworksBuildPhase section */

/* Begin PBXGroup section */
		040E806A1EC1CD2000A603F4 = {
			isa = PBXGroup;
			children = (
				040E80751EC1CD2000A603F4 /* 喵播 */,
				040E80741EC1CD2000A603F4 /* Products */,
				C0398823429806EB1B0D626E /* Pods */,
				5D938B410F374A3E86864F43 /* Frameworks */,
			);
			sourceTree = "<group>";
		};
		040E80741EC1CD2000A603F4 /* Products */ = {
			isa = PBXGroup;
			children = (
				040E80731EC1CD2000A603F4 /* 喵播.app */,
			);
			name = Products;
			sourceTree = "<group>";
		};
		040E80751EC1CD2000A603F4 /* 喵播 */ = {
			isa = PBXGroup;
			children = (
				040E80791EC1CD2000A603F4 /* AppDelegate.h */,
				040E807A1EC1CD2000A603F4 /* AppDelegate.m */,
				040E808D1EC1D08300A603F4 /* 登录 */,
				040E808E1EC1D08300A603F4 /* 短视频 */,
				040E808F1EC1D08300A603F4 /* 公共 */,
				040E80901EC1D08300A603F4 /* 我的 */,
				040E80911EC1D08300A603F4 /* 游戏 */,
				040E80921EC1D08300A603F4 /* 直播 */,
				040E80821EC1CD2000A603F4 /* Assets.xcassets */,
				040E80841EC1CD2000A603F4 /* LaunchScreen.storyboard */,
				040E80871EC1CD2000A603F4 /* Info.plist */,
				040E80761EC1CD2000A603F4 /* Supporting Files */,
			);
			path = "喵播";
			sourceTree = "<group>";
		};
		040E80761EC1CD2000A603F4 /* Supporting Files */ = {
			isa = PBXGroup;
			children = (
				040E80771EC1CD2000A603F4 /* main.m */,
			);
			name = "Supporting Files";
			sourceTree = "<group>";
		};
		040E808D1EC1D08300A603F4 /* 登录 */ = {
			isa = PBXGroup;
			children = (
			);
			path = "登录";
			sourceTree = "<group>";
		};
		040E808E1EC1D08300A603F4 /* 短视频 */ = {
			isa = PBXGroup;
			children = (
			);
			path = "短视频";
			sourceTree = "<group>";
		};
		040E808F1EC1D08300A603F4 /* 公共 */ = {
			isa = PBXGroup;
			children = (
			);
			path = "公共";
			sourceTree = "<group>";
		};
		040E80901EC1D08300A603F4 /* 我的 */ = {
			isa = PBXGroup;
			children = (
			);
			path = "我的";
			sourceTree = "<group>";
		};
		040E80911EC1D08300A603F4 /* 游戏 */ = {
			isa = PBXGroup;
			children = (
			);
			path = "游戏";
			sourceTree = "<group>";
		};
		040E80921EC1D08300A603F4 /* 直播 */ = {
			isa = PBXGroup;
			children = (
			);
			path = "直播";
			sourceTree = "<group>";
		};
		5D938B410F374A3E86864F43 /* Frameworks */ = {
			isa = PBXGroup;
			children = (
				541DC099D2CA5F1D615F689A /* libPods-喵播.a */,
			);
			name = Frameworks;
			sourceTree = "<group>";
		};
		C0398823429806EB1B0D626E /* Pods */ = {
			isa = PBXGroup;
			children = (
				17840F1BAF181879A021B6E2 /* Pods-喵播.debug.xcconfig */,
				074C69B6C5BB6774658D0DF7 /* Pods-喵播.release.xcconfig */,
			);
			name = Pods;
			sourceTree = "<group>";
		};
/* End PBXGroup section */

/* Begin PBXNativeTarget section */
		040E80721EC1CD2000A603F4 /* 喵播 */ = {
			isa = PBXNativeTarget;
			buildConfigurationList = 040E808A1EC1CD2000A603F4 /* Build configuration list for PBXNativeTarget "喵播" */;
			buildPhases = (
				72E60DC008077F4B9C781757 /* [CP] Check Pods Manifest.lock */,
				040E806F1EC1CD2000A603F4 /* Sources */,
				040E80701EC1CD2000A603F4 /* Frameworks */,
				040E80711EC1CD2000A603F4 /* Resources */,
				A9D62F5D8AD2CE5872BD0D39 /* [CP] Embed Pods Frameworks */,
				5100D1AEEE9CB80F0595A38E /* [CP] Copy Pods Resources */,
			);
			buildRules = (
			);
			dependencies = (
			);
			name = "喵播";
			productName = "喵播";
			productReference = 040E80731EC1CD2000A603F4 /* 喵播.app */;
			productType = "com.apple.product-type.application";
		};
/* End PBXNativeTarget section */

/* Begin PBXProject section */
		040E806B1EC1CD2000A603F4 /* Project object */ = {
			isa = PBXProject;
			attributes = {
				LastUpgradeCheck = 0830;
				ORGANIZATIONNAME = com.hygl;
				TargetAttributes = {
					040E80721EC1CD2000A603F4 = {
						CreatedOnToolsVersion = 8.3;
						DevelopmentTeam = UFCUZ4TD33;
						ProvisioningStyle = Automatic;
					};
				};
			};
			buildConfigurationList = 040E806E1EC1CD2000A603F4 /* Build configuration list for PBXProject "喵播" */;
			compatibilityVersion = "Xcode 3.2";
			developmentRegion = English;
			hasScannedForEncodings = 0;
			knownRegions = (
				en,
				Base,
			);
			mainGroup = 040E806A1EC1CD2000A603F4;
			productRefGroup = 040E80741EC1CD2000A603F4 /* Products */;
			projectDirPath = "";
			projectRoot = "";
			targets = (
				040E80721EC1CD2000A603F4 /* 喵播 */,
			);
		};
/* End PBXProject section */

/* Begin PBXResourcesBuildPhase section */
		040E80711EC1CD2000A603F4 /* Resources */ = {
			isa = PBXResourcesBuildPhase;
			buildActionMask = 2147483647;
			files = (
				040E80861EC1CD2000A603F4 /* LaunchScreen.storyboard in Resources */,
				040E80831EC1CD2000A603F4 /* Assets.xcassets in Resources */,
			);
			runOnlyForDeploymentPostprocessing = 0;
		};
/* End PBXResourcesBuildPhase section */

/* Begin PBXShellScriptBuildPhase section */
		5100D1AEEE9CB80F0595A38E /* [CP] Copy Pods Resources */ = {
			isa = PBXShellScriptBuildPhase;
			buildActionMask = 2147483647;
			files = (
			);
			inputPaths = (
			);
			name = "[CP] Copy Pods Resources";
			outputPaths = (
			);
			runOnlyForDeploymentPostprocessing = 0;
			shellPath = /bin/sh;
			shellScript = "\"${SRCROOT}/Pods/Target Support Files/Pods-喵播/Pods-喵播-resources.sh\"\n";
			showEnvVarsInLog = 0;
		};
		72E60DC008077F4B9C781757 /* [CP] Check Pods Manifest.lock */ = {
			isa = PBXShellScriptBuildPhase;
			buildActionMask = 2147483647;
			files = (
			);
			inputPaths = (
			);
			name = "[CP] Check Pods Manifest.lock";
			outputPaths = (
			);
			runOnlyForDeploymentPostprocessing = 0;
			shellPath = /bin/sh;
			shellScript = "diff \"${PODS_ROOT}/../Podfile.lock\" \"${PODS_ROOT}/Manifest.lock\" > /dev/null\nif [ $? != 0 ] ; then\n    # print error to STDERR\n    echo \"error: The sandbox is not in sync with the Podfile.lock. Run 'pod install' or update your CocoaPods installation.\" >&2\n    exit 1\nfi\n";
			showEnvVarsInLog = 0;
		};
		A9D62F5D8AD2CE5872BD0D39 /* [CP] Embed Pods Frameworks */ = {
			isa = PBXShellScriptBuildPhase;
			buildActionMask = 2147483647;
			files = (
			);
			inputPaths = (
			);
			name = "[CP] Embed Pods Frameworks";
			outputPaths = (
			);
			runOnlyForDeploymentPostprocessing = 0;
			shellPath = /bin/sh;
			shellScript = "\"${SRCROOT}/Pods/Target Support Files/Pods-喵播/Pods-喵播-frameworks.sh\"\n";
			showEnvVarsInLog = 0;
		};
/* End PBXShellScriptBuildPhase section */

/* Begin PBXSourcesBuildPhase section */
		040E806F1EC1CD2000A603F4 /* Sources */ = {
			isa = PBXSourcesBuildPhase;
			buildActionMask = 2147483647;
			files = (
				040E807B1EC1CD2000A603F4 /* AppDelegate.m in Sources */,
				040E80781EC1CD2000A603F4 /* main.m in Sources */,
			);
			runOnlyForDeploymentPostprocessing = 0;
		};
/* End PBXSourcesBuildPhase section */

/* Begin PBXVariantGroup section */
		040E80841EC1CD2000A603F4 /* LaunchScreen.storyboard */ = {
			isa = PBXVariantGroup;
			children = (
				040E80851EC1CD2000A603F4 /* Base */,
			);
			name = LaunchScreen.storyboard;
			sourceTree = "<group>";
		};
/* End PBXVariantGroup section */

/* Begin XCBuildConfiguration section */
		040E80881EC1CD2000A603F4 /* Debug */ = {
			isa = XCBuildConfiguration;
			buildSettings = {
				ALWAYS_SEARCH_USER_PATHS = NO;
				CLANG_ANALYZER_NONNULL = YES;
				CLANG_ANALYZER_NUMBER_OBJECT_CONVERSION = YES_AGGRESSIVE;
				CLANG_CXX_LANGUAGE_STANDARD = "gnu++0x";
				CLANG_CXX_LIBRARY = "libc++";
				CLANG_ENABLE_MODULES = YES;
				CLANG_ENABLE_OBJC_ARC = YES;
				CLANG_WARN_BOOL_CONVERSION = YES;
				CLANG_WARN_CONSTANT_CONVERSION = YES;
				CLANG_WARN_DIRECT_OBJC_ISA_USAGE = YES_ERROR;
				CLANG_WARN_DOCUMENTATION_COMMENTS = YES;
				CLANG_WARN_EMPTY_BODY = YES;
				CLANG_WARN_ENUM_CONVERSION = YES;
				CLANG_WARN_INFINITE_RECURSION = YES;
				CLANG_WARN_INT_CONVERSION = YES;
				CLANG_WARN_OBJC_ROOT_CLASS = YES_ERROR;
				CLANG_WARN_SUSPICIOUS_MOVE = YES;
				CLANG_WARN_UNREACHABLE_CODE = YES;
				CLANG_WARN__DUPLICATE_METHOD_MATCH = YES;
				"CODE_SIGN_IDENTITY[sdk=iphoneos*]" = "iPhone Developer";
				COPY_PHASE_STRIP = NO;
				DEBUG_INFORMATION_FORMAT = dwarf;
				ENABLE_STRICT_OBJC_MSGSEND = YES;
				ENABLE_TESTABILITY = YES;
				GCC_C_LANGUAGE_STANDARD = gnu99;
				GCC_DYNAMIC_NO_PIC = NO;
				GCC_NO_COMMON_BLOCKS = YES;
				GCC_OPTIMIZATION_LEVEL = 0;
				GCC_PREPROCESSOR_DEFINITIONS = (
					"DEBUG=1",
					"$(inherited)",
				);
				GCC_WARN_64_TO_32_BIT_CONVERSION = YES;
				GCC_WARN_ABOUT_RETURN_TYPE = YES_ERROR;
				GCC_WARN_UNDECLARED_SELECTOR = YES;
				GCC_WARN_UNINITIALIZED_AUTOS = YES_AGGRESSIVE;
				GCC_WARN_UNUSED_FUNCTION = YES;
				GCC_WARN_UNUSED_VARIABLE = YES;
				IPHONEOS_DEPLOYMENT_TARGET = 10.3;
				MTL_ENABLE_DEBUG_INFO = YES;
				ONLY_ACTIVE_ARCH = YES;
				SDKROOT = iphoneos;
				TARGETED_DEVICE_FAMILY = "1,2";
			};
			name = Debug;
		};
		040E80891EC1CD2000A603F4 /* Release */ = {
			isa = XCBuildConfiguration;
			buildSettings = {
				ALWAYS_SEARCH_USER_PATHS = NO;
				CLANG_ANALYZER_NONNULL = YES;
				CLANG_ANALYZER_NUMBER_OBJECT_CONVERSION = YES_AGGRESSIVE;
				CLANG_CXX_LANGUAGE_STANDARD = "gnu++0x";
				CLANG_CXX_LIBRARY = "libc++";
				CLANG_ENABLE_MODULES = YES;
				CLANG_ENABLE_OBJC_ARC = YES;
				CLANG_WARN_BOOL_CONVERSION = YES;
				CLANG_WARN_CONSTANT_CONVERSION = YES;
				CLANG_WARN_DIRECT_OBJC_ISA_USAGE = YES_ERROR;
				CLANG_WARN_DOCUMENTATION_COMMENTS = YES;
				CLANG_WARN_EMPTY_BODY = YES;
				CLANG_WARN_ENUM_CONVERSION = YES;
				CLANG_WARN_INFINITE_RECURSION = YES;
				CLANG_WARN_INT_CONVERSION = YES;
				CLANG_WARN_OBJC_ROOT_CLASS = YES_ERROR;
				CLANG_WARN_SUSPICIOUS_MOVE = YES;
				CLANG_WARN_UNREACHABLE_CODE = YES;
				CLANG_WARN__DUPLICATE_METHOD_MATCH = YES;
				"CODE_SIGN_IDENTITY[sdk=iphoneos*]" = "iPhone Developer";
				COPY_PHASE_STRIP = NO;
				DEBUG_INFORMATION_FORMAT = "dwarf-with-dsym";
				ENABLE_NS_ASSERTIONS = NO;
				ENABLE_STRICT_OBJC_MSGSEND = YES;
				GCC_C_LANGUAGE_STANDARD = gnu99;
				GCC_NO_COMMON_BLOCKS = YES;
				GCC_WARN_64_TO_32_BIT_CONVERSION = YES;
				GCC_WARN_ABOUT_RETURN_TYPE = YES_ERROR;
				GCC_WARN_UNDECLARED_SELECTOR = YES;
				GCC_WARN_UNINITIALIZED_AUTOS = YES_AGGRESSIVE;
				GCC_WARN_UNUSED_FUNCTION = YES;
				GCC_WARN_UNUSED_VARIABLE = YES;
				IPHONEOS_DEPLOYMENT_TARGET = 10.3;
				MTL_ENABLE_DEBUG_INFO = NO;
				SDKROOT = iphoneos;
				TARGETED_DEVICE_FAMILY = "1,2";
				VALIDATE_PRODUCT = YES;
			};
			name = Release;
		};
		040E808B1EC1CD2000A603F4 /* Debug */ = {
			isa = XCBuildConfiguration;
			baseConfigurationReference = 17840F1BAF181879A021B6E2 /* Pods-喵播.debug.xcconfig */;
			buildSettings = {
				ASSETCATALOG_COMPILER_APPICON_NAME = AppIcon;
				DEVELOPMENT_TEAM = UFCUZ4TD33;
				INFOPLIST_FILE = "喵播/Info.plist";
				LD_RUNPATH_SEARCH_PATHS = "$(inherited) @executable_path/Frameworks";
				PRODUCT_BUNDLE_IDENTIFIER = "hygl.--";
				PRODUCT_NAME = "$(TARGET_NAME)";
			};
			name = Debug;
		};
		040E808C1EC1CD2000A603F4 /* Release */ = {
			isa = XCBuildConfiguration;
			baseConfigurationReference = 074C69B6C5BB6774658D0DF7 /* Pods-喵播.release.xcconfig */;
			buildSettings = {
				ASSETCATALOG_COMPILER_APPICON_NAME = AppIcon;
				DEVELOPMENT_TEAM = UFCUZ4TD33;
				INFOPLIST_FILE = "喵播/Info.plist";
				LD_RUNPATH_SEARCH_PATHS = "$(inherited) @executable_path/Frameworks";
				PRODUCT_BUNDLE_IDENTIFIER = "hygl.--";
				PRODUCT_NAME = "$(TARGET_NAME)";
			};
			name = Release;
		};
/* End XCBuildConfiguration section */

/* Begin XCConfigurationList section */
		040E806E1EC1CD2000A603F4 /* Build configuration list for PBXProject "喵播" */ = {
			isa = XCConfigurationList;
			buildConfigurations = (
				040E80881EC1CD2000A603F4 /* Debug */,
				040E80891EC1CD2000A603F4 /* Release */,
			);
			defaultConfigurationIsVisible = 0;
			defaultConfigurationName = Release;
		};
		040E808A1EC1CD2000A603F4 /* Build configuration list for PBXNativeTarget "喵播" */ = {
			isa = XCConfigurationList;
			buildConfigurations = (
				040E808B1EC1CD2000A603F4 /* Debug */,
				040E808C1EC1CD2000A603F4 /* Release */,
			);
			defaultConfigurationIsVisible = 0;
		};
/* End XCConfigurationList section */
	};
	rootObject = 040E806B1EC1CD2000A603F4 /* Project object */;
}
